
Microsoft Visual Studio Solution File, Format Version 12.00
# Visual Studio Version 16
VisualStudioVersion = 16.0.30114.105
MinimumVisualStudioVersion = 10.0.40219.1
Project("{FAE04EC0-301F-11D3-BF4B-00C04F79EFBC}") = "API", "API\API.csproj", "{BD7656F5-6E75-4BBE-95AD-95D966A0EDF3}"
EndProject
Project("{FAE04EC0-301F-11D3-BF4B-00C04F79EFBC}") = "Application", "Application\Application.csproj", "{AD3849BA-DEBF-44AC-9ACF-8018897242DE}"
EndProject
Project("{FAE04EC0-301F-11D3-BF4B-00C04F79EFBC}") = "Persistence", "Persistence\Persistence.csproj", "{54C86CE3-0F95-4C46-8763-F7789F0579E7}"
EndProject
Global
	GlobalSection(SolutionConfigurationPlatforms) = preSolution
		Debug|Any CPU = Debug|Any CPU
		Debug|x64 = Debug|x64
		Debug|x86 = Debug|x86
		Release|Any CPU = Release|Any CPU
		Release|x64 = Release|x64
		Release|x86 = Release|x86
	EndGlobalSection
	GlobalSection(SolutionProperties) = preSolution
		HideSolutionNode = FALSE
	EndGlobalSection
	GlobalSection(ProjectConfigurationPlatforms) = postSolution
		{BD7656F5-6E75-4BBE-95AD-95D966A0EDF3}.Debug|Any CPU.ActiveCfg = Debug|Any CPU
		{BD7656F5-6E75-4BBE-95AD-95D966A0EDF3}.Debug|Any CPU.Build.0 = Debug|Any CPU
		{BD7656F5-6E75-4BBE-95AD-95D966A0EDF3}.Debug|x64.ActiveCfg = Debug|Any CPU
		{BD7656F5-6E75-4BBE-95AD-95D966A0EDF3}.Debug|x64.Build.0 = Debug|Any CPU
		{BD7656F5-6E75-4BBE-95AD-95D966A0EDF3}.Debug|x86.ActiveCfg = Debug|Any CPU
		{BD7656F5-6E75-4BBE-95AD-95D966A0EDF3}.Debug|x86.Build.0 = Debug|Any CPU
		{BD7656F5-6E75-4BBE-95AD-95D966A0EDF3}.Release|Any CPU.ActiveCfg = Release|Any CPU
		{BD7656F5-6E75-4BBE-95AD-95D966A0EDF3}.Release|Any CPU.Build.0 = Release|Any CPU
		{BD7656F5-6E75-4BBE-95AD-95D966A0EDF3}.Release|x64.ActiveCfg = Release|Any CPU
		{BD7656F5-6E75-4BBE-95AD-95D966A0EDF3}.Release|x64.Build.0 = Release|Any CPU
		{BD7656F5-6E75-4BBE-95AD-95D966A0EDF3}.Release|x86.ActiveCfg = Release|Any CPU
		{BD7656F5-6E75-4BBE-95AD-95D966A0EDF3}.Release|x86.Build.0 = Release|Any CPU
		{AD3849BA-DEBF-44AC-9ACF-8018897242DE}.Debug|Any CPU.ActiveCfg = Debug|Any CPU
		{AD3849BA-DEBF-44AC-9ACF-8018897242DE}.Debug|Any CPU.Build.0 = Debug|Any CPU
		{AD3849BA-DEBF-44AC-9ACF-8018897242DE}.Debug|x64.ActiveCfg = Debug|Any CPU
		{AD3849BA-DEBF-44AC-9ACF-8018897242DE}.Debug|x64.Build.0 = Debug|Any CPU
		{AD3849BA-DEBF-44AC-9ACF-8018897242DE}.Debug|x86.ActiveCfg = Debug|Any CPU
		{AD3849BA-DEBF-44AC-9ACF-8018897242DE}.Debug|x86.Build.0 = Debug|Any CPU
		{AD3849BA-DEBF-44AC-9ACF-8018897242DE}.Release|Any CPU.ActiveCfg = Release|Any CPU
		{AD3849BA-DEBF-44AC-9ACF-8018897242DE}.Release|Any CPU.Build.0 = Release|Any CPU
		{AD3849BA-DEBF-44AC-9ACF-8018897242DE}.Release|x64.ActiveCfg = Release|Any CPU
		{AD3849BA-DEBF-44AC-9ACF-8018897242DE}.Release|x64.Build.0 = Release|Any CPU
		{AD3849BA-DEBF-44AC-9ACF-8018897242DE}.Release|x86.ActiveCfg = Release|Any CPU
		{AD3849BA-DEBF-44AC-9ACF-8018897242DE}.Release|x86.Build.0 = Release|Any CPU
		{54C86CE3-0F95-4C46-8763-F7789F0579E7}.Debug|Any CPU.ActiveCfg = Debug|Any CPU
		{54C86CE3-0F95-4C46-8763-F7789F0579E7}.Debug|Any CPU.Build.0 = Debug|Any CPU
		{54C86CE3-0F95-4C46-8763-F7789F0579E7}.Debug|x64.ActiveCfg = Debug|Any CPU
		{54C86CE3-0F95-4C46-8763-F7789F0579E7}.Debug|x64.Build.0 = Debug|Any CPU
		{54C86CE3-0F95-4C46-8763-F7789F0579E7}.Debug|x86.ActiveCfg = Debug|Any CPU
		{54C86CE3-0F95-4C46-8763-F7789F0579E7}.Debug|x86.Build.0 = Debug|Any CPU
		{54C86CE3-0F95-4C46-8763-F7789F0579E7}.Release|Any CPU.ActiveCfg = Release|Any CPU
		{54C86CE3-0F95-4C46-8763-F7789F0579E7}.Release|Any CPU.Build.0 = Release|Any CPU
		{54C86CE3-0F95-4C46-8763-F7789F0579E7}.Release|x64.ActiveCfg = Release|Any CPU
		{54C86CE3-0F95-4C46-8763-F7789F0579E7}.Release|x64.Build.0 = Release|Any CPU
		{54C86CE3-0F95-4C46-8763-F7789F0579E7}.Release|x86.ActiveCfg = Release|Any CPU
		{54C86CE3-0F95-4C46-8763-F7789F0579E7}.Release|x86.Build.0 = Release|Any CPU
	EndGlobalSection
EndGlobal
